{
  "name": "production-portfolio",
  "version": "1.0.0",
  "lockfileVersion": 1,
  "requires": true,
  "dependencies": {
    "now": {
      "version": "15.3.0",
      "resolved": "https://registry.npmjs.org/now/-/now-15.3.0.tgz",
      "integrity": "sha512-QuPHIlvcDKHaj39lR2VugeguO7JOtMZ5Ff2XcEPzy2VxsV/ocIhlDiNxV5P4nhl5rzzQt8bn9TFh33n4vO5yIA=="
    }
  }
}
